
Microsoft Visual Studio Solution File, Format Version 12.00
# Visual Studio Version 17
VisualStudioVersion = 17.8.34316.72
MinimumVisualStudioVersion = 10.0.40219.1
Project("{FAE04EC0-301F-11D3-BF4B-00C04F79EFBC}") = "MAUIRESTAURANTE", "MAUIRESTAURANTE\MAUIRESTAURANTE.csproj", "{6E0D52EA-4583-4D92-8BEA-6C6C791ABA6C}"
EndProject
Global
	GlobalSection(SolutionConfigurationPlatforms) = preSolution
		Debug|Any CPU = Debug|Any CPU
		Release|Any CPU = Release|Any CPU
	EndGlobalSection
	GlobalSection(ProjectConfigurationPlatforms) = postSolution
		{6E0D52EA-4583-4D92-8BEA-6C6C791ABA6C}.Debug|Any CPU.ActiveCfg = Debug|Any CPU
		{6E0D52EA-4583-4D92-8BEA-6C6C791ABA6C}.Debug|Any CPU.Build.0 = Debug|Any CPU
		{6E0D52EA-4583-4D92-8BEA-6C6C791ABA6C}.Debug|Any CPU.Deploy.0 = Debug|Any CPU
		{6E0D52EA-4583-4D92-8BEA-6C6C791ABA6C}.Release|Any CPU.ActiveCfg = Release|Any CPU
		{6E0D52EA-4583-4D92-8BEA-6C6C791ABA6C}.Release|Any CPU.Build.0 = Release|Any CPU
		{6E0D52EA-4583-4D92-8BEA-6C6C791ABA6C}.Release|Any CPU.Deploy.0 = Release|Any CPU
	EndGlobalSection
	GlobalSection(SolutionProperties) = preSolution
		HideSolutionNode = FALSE
	EndGlobalSection
	GlobalSection(ExtensibilityGlobals) = postSolution
		SolutionGuid = {2BA1582A-E5C6-4F91-A6AF-72C0A652004A}
	EndGlobalSection
EndGlobal
